
Microsoft Visual Studio Solution File, Format Version 12.00
# Visual Studio Version 16
VisualStudioVersion = 16.0.31624.102
MinimumVisualStudioVersion = 10.0.40219.1
Project("{FAE04EC0-301F-11D3-BF4B-00C04F79EFBC}") = "ProyectoFinal", "ProyectoFinal.csproj", "{EE6F2B32-F14B-4A24-AC13-73609E757F61}"
EndProject
Global
	GlobalSection(SolutionConfigurationPlatforms) = preSolution
		Debug|Any CPU = Debug|Any CPU
		Release|Any CPU = Release|Any CPU
	EndGlobalSection
	GlobalSection(ProjectConfigurationPlatforms) = postSolution
		{EE6F2B32-F14B-4A24-AC13-73609E757F61}.Debug|Any CPU.ActiveCfg = Debug|Any CPU
		{EE6F2B32-F14B-4A24-AC13-73609E757F61}.Debug|Any CPU.Build.0 = Debug|Any CPU
		{EE6F2B32-F14B-4A24-AC13-73609E757F61}.Release|Any CPU.ActiveCfg = Release|Any CPU
		{EE6F2B32-F14B-4A24-AC13-73609E757F61}.Release|Any CPU.Build.0 = Release|Any CPU
	EndGlobalSection
	GlobalSection(SolutionProperties) = preSolution
		HideSolutionNode = FALSE
	EndGlobalSection
	GlobalSection(ExtensibilityGlobals) = postSolution
		SolutionGuid = {DF3A7982-1DB8-411E-A57A-C34556249CDE}
	EndGlobalSection
EndGlobal
